
Microsoft Visual Studio Solution File, Format Version 12.00
# Visual Studio 2012
Project("{FAE04EC0-301F-11D3-BF4B-00C04F79EFBC}") = "Vtex.HRM.Web", "Vtex.HRM.Web\Vtex.HRM.Web.csproj", "{57604795-6198-4E3D-BAE2-434ED7468234}"
EndProject
Project("{FAE04EC0-301F-11D3-BF4B-00C04F79EFBC}") = "Vtex.HRM.ServiceInterface", "Vtex.HRM.ServiceInterface\Vtex.HRM.ServiceInterface.csproj", "{EAA7A49B-938A-402B-B1D8-3CC637DCD73D}"
EndProject
Project("{FAE04EC0-301F-11D3-BF4B-00C04F79EFBC}") = "Vtex.HRM.UnitTests", "Vtex.HRM.UnitTests\Vtex.HRM.UnitTests.csproj", "{ABFC0B48-9EF2-4569-B997-7E57A147B0A9}"
EndProject
Project("{FAE04EC0-301F-11D3-BF4B-00C04F79EFBC}") = "Pingdom.Client", "Pingdom.Client\Pingdom.Client.csproj", "{B36AFC49-C642-49FB-A49D-53504FC1170B}"
EndProject
Global
	GlobalSection(SolutionConfigurationPlatforms) = preSolution
		Debug|Any CPU = Debug|Any CPU
		Release|Any CPU = Release|Any CPU
	EndGlobalSection
	GlobalSection(ProjectConfigurationPlatforms) = postSolution
		{57604795-6198-4E3D-BAE2-434ED7468234}.Debug|Any CPU.ActiveCfg = Debug|Any CPU
		{57604795-6198-4E3D-BAE2-434ED7468234}.Debug|Any CPU.Build.0 = Debug|Any CPU
		{57604795-6198-4E3D-BAE2-434ED7468234}.Release|Any CPU.ActiveCfg = Release|Any CPU
		{57604795-6198-4E3D-BAE2-434ED7468234}.Release|Any CPU.Build.0 = Release|Any CPU
		{EAA7A49B-938A-402B-B1D8-3CC637DCD73D}.Debug|Any CPU.ActiveCfg = Debug|Any CPU
		{EAA7A49B-938A-402B-B1D8-3CC637DCD73D}.Debug|Any CPU.Build.0 = Debug|Any CPU
		{EAA7A49B-938A-402B-B1D8-3CC637DCD73D}.Release|Any CPU.ActiveCfg = Release|Any CPU
		{EAA7A49B-938A-402B-B1D8-3CC637DCD73D}.Release|Any CPU.Build.0 = Release|Any CPU
		{ABFC0B48-9EF2-4569-B997-7E57A147B0A9}.Debug|Any CPU.ActiveCfg = Debug|Any CPU
		{ABFC0B48-9EF2-4569-B997-7E57A147B0A9}.Debug|Any CPU.Build.0 = Debug|Any CPU
		{ABFC0B48-9EF2-4569-B997-7E57A147B0A9}.Release|Any CPU.ActiveCfg = Release|Any CPU
		{ABFC0B48-9EF2-4569-B997-7E57A147B0A9}.Release|Any CPU.Build.0 = Release|Any CPU
		{B36AFC49-C642-49FB-A49D-53504FC1170B}.Debug|Any CPU.ActiveCfg = Debug|Any CPU
		{B36AFC49-C642-49FB-A49D-53504FC1170B}.Debug|Any CPU.Build.0 = Debug|Any CPU
		{B36AFC49-C642-49FB-A49D-53504FC1170B}.Release|Any CPU.ActiveCfg = Release|Any CPU
		{B36AFC49-C642-49FB-A49D-53504FC1170B}.Release|Any CPU.Build.0 = Release|Any CPU
	EndGlobalSection
	GlobalSection(SolutionProperties) = preSolution
		HideSolutionNode = FALSE
	EndGlobalSection
EndGlobal
